
Microsoft Visual Studio Solution File, Format Version 12.00
# Visual Studio Version 17
VisualStudioVersion = 17.1.32328.378
MinimumVisualStudioVersion = 10.0.40219.1
Project("{FAE04EC0-301F-11D3-BF4B-00C04F79EFBC}") = "Nethereum1", "Nethereum1\Nethereum1.csproj", "{206DABFD-90B3-40C9-917A-72C3692DC059}"
EndProject
Global
	GlobalSection(SolutionConfigurationPlatforms) = preSolution
		Debug|Any CPU = Debug|Any CPU
		Release|Any CPU = Release|Any CPU
	EndGlobalSection
	GlobalSection(ProjectConfigurationPlatforms) = postSolution
		{206DABFD-90B3-40C9-917A-72C3692DC059}.Debug|Any CPU.ActiveCfg = Debug|Any CPU
		{206DABFD-90B3-40C9-917A-72C3692DC059}.Debug|Any CPU.Build.0 = Debug|Any CPU
		{206DABFD-90B3-40C9-917A-72C3692DC059}.Release|Any CPU.ActiveCfg = Release|Any CPU
		{206DABFD-90B3-40C9-917A-72C3692DC059}.Release|Any CPU.Build.0 = Release|Any CPU
	EndGlobalSection
	GlobalSection(SolutionProperties) = preSolution
		HideSolutionNode = FALSE
	EndGlobalSection
	GlobalSection(ExtensibilityGlobals) = postSolution
		SolutionGuid = {8B1C6867-3CCA-4190-98AA-21DF51CAD492}
	EndGlobalSection
EndGlobal
